// !$*UTF8*$!
{
	archiveVersion = 1;
	classes = {
	};
	objectVersion = 46;
	objects = {

/* Begin PBXBuildFile section */
		052B7EFC1BB0D42E0000E0E3 /* AppDelegate.swift in Sources */ = {isa = PBXBuildFile; fileRef = 052B7EFB1BB0D42E0000E0E3 /* AppDelegate.swift */; };
		052B7EFE1BB0D42E0000E0E3 /* ViewController.swift in Sources */ = {isa = PBXBuildFile; fileRef = 052B7EFD1BB0D42E0000E0E3 /* ViewController.swift */; };
		052B7F011BB0D42E0000E0E3 /* Main.storyboard in Resources */ = {isa = PBXBuildFile; fileRef = 052B7EFF1BB0D42E0000E0E3 /* Main.storyboard */; };
		052B7F031BB0D42E0000E0E3 /* Assets.xcassets in Resources */ = {isa = PBXBuildFile; fileRef = 052B7F021BB0D42E0000E0E3 /* Assets.xcassets */; };
		052B7F061BB0D42E0000E0E3 /* LaunchScreen.storyboard in Resources */ = {isa = PBXBuildFile; fileRef = 052B7F041BB0D42E0000E0E3 /* LaunchScreen.storyboard */; };
		052B7F111BB0D42F0000E0E3 /* MRS_iOSTests.swift in Sources */ = {isa = PBXBuildFile; fileRef = 052B7F101BB0D42F0000E0E3 /* MRS_iOSTests.swift */; };
		052B7F1C1BB0D42F0000E0E3 /* MRS_iOSUITests.swift in Sources */ = {isa = PBXBuildFile; fileRef = 052B7F1B1BB0D42F0000E0E3 /* MRS_iOSUITests.swift */; };
		057169D11BB111610070CE8D /* ReleaseTableViewCell.swift in Sources */ = {isa = PBXBuildFile; fileRef = 057169D01BB111610070CE8D /* ReleaseTableViewCell.swift */; settings = {ASSET_TAGS = (); }; };
		057169D31BB116110070CE8D /* MediaRelease.swift in Sources */ = {isa = PBXBuildFile; fileRef = 057169D21BB116110070CE8D /* MediaRelease.swift */; settings = {ASSET_TAGS = (); }; };
		057169D51BB120AC0070CE8D /* MediaReleaseTableViewController.swift in Sources */ = {isa = PBXBuildFile; fileRef = 057169D41BB120AC0070CE8D /* MediaReleaseTableViewController.swift */; settings = {ASSET_TAGS = (); }; };
/* End PBXBuildFile section */

/* Begin PBXContainerItemProxy section */
		052B7F0D1BB0D42F0000E0E3 /* PBXContainerItemProxy */ = {
			isa = PBXContainerItemProxy;
			containerPortal = 052B7EF01BB0D42E0000E0E3 /* Project object */;
			proxyType = 1;
			remoteGlobalIDString = 052B7EF71BB0D42E0000E0E3;
			remoteInfo = "MRS-iOS";
		};
		052B7F181BB0D42F0000E0E3 /* PBXContainerItemProxy */ = {
			isa = PBXContainerItemProxy;
			containerPortal = 052B7EF01BB0D42E0000E0E3 /* Project object */;
			proxyType = 1;
			remoteGlobalIDString = 052B7EF71BB0D42E0000E0E3;
			remoteInfo = "MRS-iOS";
		};
/* End PBXContainerItemProxy section */

/* Begin PBXFileReference section */
		052B7EF81BB0D42E0000E0E3 /* MRS-iOS.app */ = {isa = PBXFileReference; explicitFileType = wrapper.application; includeInIndex = 0; path = "MRS-iOS.app"; sourceTree = BUILT_PRODUCTS_DIR; };
		052B7EFB1BB0D42E0000E0E3 /* AppDelegate.swift */ = {isa = PBXFileReference; lastKnownFileType = sourcecode.swift; path = AppDelegate.swift; sourceTree = "<group>"; };
		052B7EFD1BB0D42E0000E0E3 /* ViewController.swift */ = {isa = PBXFileReference; lastKnownFileType = sourcecode.swift; path = ViewController.swift; sourceTree = "<group>"; };
		052B7F001BB0D42E0000E0E3 /* Base */ = {isa = PBXFileReference; lastKnownFileType = file.storyboard; name = Base; path = Base.lproj/Main.storyboard; sourceTree = "<group>"; };
		052B7F021BB0D42E0000E0E3 /* Assets.xcassets */ = {isa = PBXFileReference; lastKnownFileType = folder.assetcatalog; path = Assets.xcassets; sourceTree = "<group>"; };
		052B7F051BB0D42E0000E0E3 /* Base */ = {isa = PBXFileReference; lastKnownFileType = file.storyboard; name = Base; path = Base.lproj/LaunchScreen.storyboard; sourceTree = "<group>"; };
		052B7F071BB0D42E0000E0E3 /* Info.plist */ = {isa = PBXFileReference; lastKnownFileType = text.plist.xml; path = Info.plist; sourceTree = "<group>"; };
		052B7F0C1BB0D42F0000E0E3 /* MRS-iOSTests.xctest */ = {isa = PBXFileReference; explicitFileType = wrapper.cfbundle; includeInIndex = 0; path = "MRS-iOSTests.xctest"; sourceTree = BUILT_PRODUCTS_DIR; };
		052B7F101BB0D42F0000E0E3 /* MRS_iOSTests.swift */ = {isa = PBXFileReference; lastKnownFileType = sourcecode.swift; path = MRS_iOSTests.swift; sourceTree = "<group>"; };
		052B7F121BB0D42F0000E0E3 /* Info.plist */ = {isa = PBXFileReference; lastKnownFileType = text.plist.xml; path = Info.plist; sourceTree = "<group>"; };
		052B7F171BB0D42F0000E0E3 /* MRS-iOSUITests.xctest */ = {isa = PBXFileReference; explicitFileType = wrapper.cfbundle; includeInIndex = 0; path = "MRS-iOSUITests.xctest"; sourceTree = BUILT_PRODUCTS_DIR; };
		052B7F1B1BB0D42F0000E0E3 /* MRS_iOSUITests.swift */ = {isa = PBXFileReference; lastKnownFileType = sourcecode.swift; path = MRS_iOSUITests.swift; sourceTree = "<group>"; };
		052B7F1D1BB0D42F0000E0E3 /* Info.plist */ = {isa = PBXFileReference; lastKnownFileType = text.plist.xml; path = Info.plist; sourceTree = "<group>"; };
		057169D01BB111610070CE8D /* ReleaseTableViewCell.swift */ = {isa = PBXFileReference; fileEncoding = 4; lastKnownFileType = sourcecode.swift; path = ReleaseTableViewCell.swift; sourceTree = "<group>"; };
		057169D21BB116110070CE8D /* MediaRelease.swift */ = {isa = PBXFileReference; fileEncoding = 4; lastKnownFileType = sourcecode.swift; path = MediaRelease.swift; sourceTree = "<group>"; };
		057169D41BB120AC0070CE8D /* MediaReleaseTableViewController.swift */ = {isa = PBXFileReference; fileEncoding = 4; lastKnownFileType = sourcecode.swift; path = MediaReleaseTableViewController.swift; sourceTree = "<group>"; };
/* End PBXFileReference section */

/* Begin PBXFrameworksBuildPhase section */
		052B7EF51BB0D42E0000E0E3 /* Frameworks */ = {
			isa = PBXFrameworksBuildPhase;
			buildActionMask = 2147483647;
			files = (
			);
			runOnlyForDeploymentPostprocessing = 0;
		};
		052B7F091BB0D42F0000E0E3 /* Frameworks */ = {
			isa = PBXFrameworksBuildPhase;
			buildActionMask = 2147483647;
			files = (
			);
			runOnlyForDeploymentPostprocessing = 0;
		};
		052B7F141BB0D42F0000E0E3 /* Frameworks */ = {
			isa = PBXFrameworksBuildPhase;
			buildActionMask = 2147483647;
			files = (
			);
			runOnlyForDeploymentPostprocessing = 0;
		};
/* End PBXFrameworksBuildPhase section */

/* Begin PBXGroup section */
		052B7EEF1BB0D42E0000E0E3 = {
			isa = PBXGroup;
			children = (
				052B7EFA1BB0D42E0000E0E3 /* MRS-iOS */,
				052B7F0F1BB0D42F0000E0E3 /* MRS-iOSTests */,
				052B7F1A1BB0D42F0000E0E3 /* MRS-iOSUITests */,
				052B7EF91BB0D42E0000E0E3 /* Products */,
			);
			sourceTree = "<group>";
		};
		052B7EF91BB0D42E0000E0E3 /* Products */ = {
			isa = PBXGroup;
			children = (
				052B7EF81BB0D42E0000E0E3 /* MRS-iOS.app */,
				052B7F0C1BB0D42F0000E0E3 /* MRS-iOSTests.xctest */,
				052B7F171BB0D42F0000E0E3 /* MRS-iOSUITests.xctest */,
			);
			name = Products;
			sourceTree = "<group>";
		};
		052B7EFA1BB0D42E0000E0E3 /* MRS-iOS */ = {
			isa = PBXGroup;
			children = (
				052B7EFB1BB0D42E0000E0E3 /* AppDelegate.swift */,
				052B7EFD1BB0D42E0000E0E3 /* ViewController.swift */,
				052B7EFF1BB0D42E0000E0E3 /* Main.storyboard */,
				057169D21BB116110070CE8D /* MediaRelease.swift */,
				057169D01BB111610070CE8D /* ReleaseTableViewCell.swift */,
				057169D41BB120AC0070CE8D /* MediaReleaseTableViewController.swift */,
				052B7F021BB0D42E0000E0E3 /* Assets.xcassets */,
				052B7F041BB0D42E0000E0E3 /* LaunchScreen.storyboard */,
				052B7F071BB0D42E0000E0E3 /* Info.plist */,
			);
			path = "MRS-iOS";
			sourceTree = "<group>";
		};
		052B7F0F1BB0D42F0000E0E3 /* MRS-iOSTests */ = {
			isa = PBXGroup;
			children = (
				052B7F101BB0D42F0000E0E3 /* MRS_iOSTests.swift */,
				052B7F121BB0D42F0000E0E3 /* Info.plist */,
			);
			path = "MRS-iOSTests";
			sourceTree = "<group>";
		};
		052B7F1A1BB0D42F0000E0E3 /* MRS-iOSUITests */ = {
			isa = PBXGroup;
			children = (
				052B7F1B1BB0D42F0000E0E3 /* MRS_iOSUITests.swift */,
				052B7F1D1BB0D42F0000E0E3 /* Info.plist */,
			);
			path = "MRS-iOSUITests";
			sourceTree = "<group>";
		};
/* End PBXGroup section */

/* Begin PBXNativeTarget section */
		052B7EF71BB0D42E0000E0E3 /* MRS-iOS */ = {
			isa = PBXNativeTarget;
			buildConfigurationList = 052B7F201BB0D42F0000E0E3 /* Build configuration list for PBXNativeTarget "MRS-iOS" */;
			buildPhases = (
				052B7EF41BB0D42E0000E0E3 /* Sources */,
				052B7EF51BB0D42E0000E0E3 /* Frameworks */,
				052B7EF61BB0D42E0000E0E3 /* Resources */,
			);
			buildRules = (
			);
			dependencies = (
			);
			name = "MRS-iOS";
			productName = "MRS-iOS";
			productReference = 052B7EF81BB0D42E0000E0E3 /* MRS-iOS.app */;
			productType = "com.apple.product-type.application";
		};
		052B7F0B1BB0D42F0000E0E3 /* MRS-iOSTests */ = {
			isa = PBXNativeTarget;
			buildConfigurationList = 052B7F231BB0D42F0000E0E3 /* Build configuration list for PBXNativeTarget "MRS-iOSTests" */;
			buildPhases = (
				052B7F081BB0D42F0000E0E3 /* Sources */,
				052B7F091BB0D42F0000E0E3 /* Frameworks */,
				052B7F0A1BB0D42F0000E0E3 /* Resources */,
			);
			buildRules = (
			);
			dependencies = (
				052B7F0E1BB0D42F0000E0E3 /* PBXTargetDependency */,
			);
			name = "MRS-iOSTests";
			productName = "MRS-iOSTests";
			productReference = 052B7F0C1BB0D42F0000E0E3 /* MRS-iOSTests.xctest */;
			productType = "com.apple.product-type.bundle.unit-test";
		};
		052B7F161BB0D42F0000E0E3 /* MRS-iOSUITests */ = {
			isa = PBXNativeTarget;
			buildConfigurationList = 052B7F261BB0D42F0000E0E3 /* Build configuration list for PBXNativeTarget "MRS-iOSUITests" */;
			buildPhases = (
				052B7F131BB0D42F0000E0E3 /* Sources */,
				052B7F141BB0D42F0000E0E3 /* Frameworks */,
				052B7F151BB0D42F0000E0E3 /* Resources */,
			);
			buildRules = (
			);
			dependencies = (
				052B7F191BB0D42F0000E0E3 /* PBXTargetDependency */,
			);
			name = "MRS-iOSUITests";
			productName = "MRS-iOSUITests";
			productReference = 052B7F171BB0D42F0000E0E3 /* MRS-iOSUITests.xctest */;
			productType = "com.apple.product-type.bundle.ui-testing";
		};
/* End PBXNativeTarget section */

/* Begin PBXProject section */
		052B7EF01BB0D42E0000E0E3 /* Project object */ = {
			isa = PBXProject;
			attributes = {
				LastUpgradeCheck = 0700;
				ORGANIZATIONNAME = osb;
				TargetAttributes = {
					052B7EF71BB0D42E0000E0E3 = {
						CreatedOnToolsVersion = 7.0;
					};
					052B7F0B1BB0D42F0000E0E3 = {
						CreatedOnToolsVersion = 7.0;
						TestTargetID = 052B7EF71BB0D42E0000E0E3;
					};
					052B7F161BB0D42F0000E0E3 = {
						CreatedOnToolsVersion = 7.0;
						TestTargetID = 052B7EF71BB0D42E0000E0E3;
					};
				};
			};
			buildConfigurationList = 052B7EF31BB0D42E0000E0E3 /* Build configuration list for PBXProject "MRS-iOS" */;
			compatibilityVersion = "Xcode 3.2";
			developmentRegion = English;
			hasScannedForEncodings = 0;
			knownRegions = (
				en,
				Base,
			);
			mainGroup = 052B7EEF1BB0D42E0000E0E3;
			productRefGroup = 052B7EF91BB0D42E0000E0E3 /* Products */;
			projectDirPath = "";
			projectRoot = "";
			targets = (
				052B7EF71BB0D42E0000E0E3 /* MRS-iOS */,
				052B7F0B1BB0D42F0000E0E3 /* MRS-iOSTests */,
				052B7F161BB0D42F0000E0E3 /* MRS-iOSUITests */,
			);
		};
/* End PBXProject section */

/* Begin PBXResourcesBuildPhase section */
		052B7EF61BB0D42E0000E0E3 /* Resources */ = {
			isa = PBXResourcesBuildPhase;
			buildActionMask = 2147483647;
			files = (
				052B7F061BB0D42E0000E0E3 /* LaunchScreen.storyboard in Resources */,
				052B7F031BB0D42E0000E0E3 /* Assets.xcassets in Resources */,
				052B7F011BB0D42E0000E0E3 /* Main.storyboard in Resources */,
			);
			runOnlyForDeploymentPostprocessing = 0;
		};
		052B7F0A1BB0D42F0000E0E3 /* Resources */ = {
			isa = PBXResourcesBuildPhase;
			buildActionMask = 2147483647;
			files = (
			);
			runOnlyForDeploymentPostprocessing = 0;
		};
		052B7F151BB0D42F0000E0E3 /* Resources */ = {
			isa = PBXResourcesBuildPhase;
			buildActionMask = 2147483647;
			files = (
			);
			runOnlyForDeploymentPostprocessing = 0;
		};
/* End PBXResourcesBuildPhase section */

/* Begin PBXSourcesBuildPhase section */
		052B7EF41BB0D42E0000E0E3 /* Sources */ = {
			isa = PBXSourcesBuildPhase;
			buildActionMask = 2147483647;
			files = (
				052B7EFE1BB0D42E0000E0E3 /* ViewController.swift in Sources */,
				057169D51BB120AC0070CE8D /* MediaReleaseTableViewController.swift in Sources */,
				052B7EFC1BB0D42E0000E0E3 /* AppDelegate.swift in Sources */,
				057169D31BB116110070CE8D /* MediaRelease.swift in Sources */,
				057169D11BB111610070CE8D /* ReleaseTableViewCell.swift in Sources */,
			);
			runOnlyForDeploymentPostprocessing = 0;
		};
		052B7F081BB0D42F0000E0E3 /* Sources */ = {
			isa = PBXSourcesBuildPhase;
			buildActionMask = 2147483647;
			files = (
				052B7F111BB0D42F0000E0E3 /* MRS_iOSTests.swift in Sources */,
			);
			runOnlyForDeploymentPostprocessing = 0;
		};
		052B7F131BB0D42F0000E0E3 /* Sources */ = {
			isa = PBXSourcesBuildPhase;
			buildActionMask = 2147483647;
			files = (
				052B7F1C1BB0D42F0000E0E3 /* MRS_iOSUITests.swift in Sources */,
			);
			runOnlyForDeploymentPostprocessing = 0;
		};
/* End PBXSourcesBuildPhase section */

/* Begin PBXTargetDependency section */
		052B7F0E1BB0D42F0000E0E3 /* PBXTargetDependency */ = {
			isa = PBXTargetDependency;
			target = 052B7EF71BB0D42E0000E0E3 /* MRS-iOS */;
			targetProxy = 052B7F0D1BB0D42F0000E0E3 /* PBXContainerItemProxy */;
		};
		052B7F191BB0D42F0000E0E3 /* PBXTargetDependency */ = {
			isa = PBXTargetDependency;
			target = 052B7EF71BB0D42E0000E0E3 /* MRS-iOS */;
			targetProxy = 052B7F181BB0D42F0000E0E3 /* PBXContainerItemProxy */;
		};
/* End PBXTargetDependency section */

/* Begin PBXVariantGroup section */
		052B7EFF1BB0D42E0000E0E3 /* Main.storyboard */ = {
			isa = PBXVariantGroup;
			children = (
				052B7F001BB0D42E0000E0E3 /* Base */,
			);
			name = Main.storyboard;
			sourceTree = "<group>";
		};
		052B7F041BB0D42E0000E0E3 /* LaunchScreen.storyboard */ = {
			isa = PBXVariantGroup;
			children = (
				052B7F051BB0D42E0000E0E3 /* Base */,
			);
			name = LaunchScreen.storyboard;
			sourceTree = "<group>";
		};
/* End PBXVariantGroup section */

/* Begin XCBuildConfiguration section */
		052B7F1E1BB0D42F0000E0E3 /* Debug */ = {
			isa = XCBuildConfiguration;
			buildSettings = {
				ALWAYS_SEARCH_USER_PATHS = NO;
				CLANG_CXX_LANGUAGE_STANDARD = "gnu++0x";
				CLANG_CXX_LIBRARY = "libc++";
				CLANG_ENABLE_MODULES = YES;
				CLANG_ENABLE_OBJC_ARC = YES;
				CLANG_WARN_BOOL_CONVERSION = YES;
				CLANG_WARN_CONSTANT_CONVERSION = YES;
				CLANG_WARN_DIRECT_OBJC_ISA_USAGE = YES_ERROR;
				CLANG_WARN_EMPTY_BODY = YES;
				CLANG_WARN_ENUM_CONVERSION = YES;
				CLANG_WARN_INT_CONVERSION = YES;
				CLANG_WARN_OBJC_ROOT_CLASS = YES_ERROR;
				CLANG_WARN_UNREACHABLE_CODE = YES;
				CLANG_WARN__DUPLICATE_METHOD_MATCH = YES;
				"CODE_SIGN_IDENTITY[sdk=iphoneos*]" = "iPhone Developer";
				COPY_PHASE_STRIP = NO;
				DEBUG_INFORMATION_FORMAT = dwarf;
				ENABLE_STRICT_OBJC_MSGSEND = YES;
				ENABLE_TESTABILITY = YES;
				GCC_C_LANGUAGE_STANDARD = gnu99;
				GCC_DYNAMIC_NO_PIC = NO;
				GCC_NO_COMMON_BLOCKS = YES;
				GCC_OPTIMIZATION_LEVEL = 0;
				GCC_PREPROCESSOR_DEFINITIONS = (
					"DEBUG=1",
					"$(inherited)",
				);
				GCC_WARN_64_TO_32_BIT_CONVERSION = YES;
				GCC_WARN_ABOUT_RETURN_TYPE = YES_ERROR;
				GCC_WARN_UNDECLARED_SELECTOR = YES;
				GCC_WARN_UNINITIALIZED_AUTOS = YES_AGGRESSIVE;
				GCC_WARN_UNUSED_FUNCTION = YES;
				GCC_WARN_UNUSED_VARIABLE = YES;
				IPHONEOS_DEPLOYMENT_TARGET = 9.0;
				MTL_ENABLE_DEBUG_INFO = YES;
				ONLY_ACTIVE_ARCH = YES;
				SDKROOT = iphoneos;
				SWIFT_OPTIMIZATION_LEVEL = "-Onone";
				TARGETED_DEVICE_FAMILY = "1,2";
			};
			name = Debug;
		};
		052B7F1F1BB0D42F0000E0E3 /* Release */ = {
			isa = XCBuildConfiguration;
			buildSettings = {
				ALWAYS_SEARCH_USER_PATHS = NO;
				CLANG_CXX_LANGUAGE_STANDARD = "gnu++0x";
				CLANG_CXX_LIBRARY = "libc++";
				CLANG_ENABLE_MODULES = YES;
				CLANG_ENABLE_OBJC_ARC = YES;
				CLANG_WARN_BOOL_CONVERSION = YES;
				CLANG_WARN_CONSTANT_CONVERSION = YES;
				CLANG_WARN_DIRECT_OBJC_ISA_USAGE = YES_ERROR;
				CLANG_WARN_EMPTY_BODY = YES;
				CLANG_WARN_ENUM_CONVERSION = YES;
				CLANG_WARN_INT_CONVERSION = YES;
				CLANG_WARN_OBJC_ROOT_CLASS = YES_ERROR;
				CLANG_WARN_UNREACHABLE_CODE = YES;
				CLANG_WARN__DUPLICATE_METHOD_MATCH = YES;
				"CODE_SIGN_IDENTITY[sdk=iphoneos*]" = "iPhone Developer";
				COPY_PHASE_STRIP = NO;
				DEBUG_INFORMATION_FORMAT = "dwarf-with-dsym";
				ENABLE_NS_ASSERTIONS = NO;
				ENABLE_STRICT_OBJC_MSGSEND = YES;
				GCC_C_LANGUAGE_STANDARD = gnu99;
				GCC_NO_COMMON_BLOCKS = YES;
				GCC_WARN_64_TO_32_BIT_CONVERSION = YES;
				GCC_WARN_ABOUT_RETURN_TYPE = YES_ERROR;
				GCC_WARN_UNDECLARED_SELECTOR = YES;
				GCC_WARN_UNINITIALIZED_AUTOS = YES_AGGRESSIVE;
				GCC_WARN_UNUSED_FUNCTION = YES;
				GCC_WARN_UNUSED_VARIABLE = YES;
				IPHONEOS_DEPLOYMENT_TARGET = 9.0;
				MTL_ENABLE_DEBUG_INFO = NO;
				SDKROOT = iphoneos;
				TARGETED_DEVICE_FAMILY = "1,2";
				VALIDATE_PRODUCT = YES;
			};
			name = Release;
		};
		052B7F211BB0D42F0000E0E3 /* Debug */ = {
			isa = XCBuildConfiguration;
			buildSettings = {
				ASSETCATALOG_COMPILER_APPICON_NAME = AppIcon;
				INFOPLIST_FILE = "MRS-iOS/Info.plist";
				LD_RUNPATH_SEARCH_PATHS = "$(inherited) @executable_path/Frameworks";
				PRODUCT_BUNDLE_IDENTIFIER = "au.gov.finance.MRS-iOS";
				PRODUCT_NAME = "$(TARGET_NAME)";
				TARGETED_DEVICE_FAMILY = 1;
			};
			name = Debug;
		};
		052B7F221BB0D42F0000E0E3 /* Release */ = {
			isa = XCBuildConfiguration;
			buildSettings = {
				ASSETCATALOG_COMPILER_APPICON_NAME = AppIcon;
				INFOPLIST_FILE = "MRS-iOS/Info.plist";
				LD_RUNPATH_SEARCH_PATHS = "$(inherited) @executable_path/Frameworks";
				PRODUCT_BUNDLE_IDENTIFIER = "au.gov.finance.MRS-iOS";
				PRODUCT_NAME = "$(TARGET_NAME)";
				TARGETED_DEVICE_FAMILY = 1;
			};
			name = Release;
		};
		052B7F241BB0D42F0000E0E3 /* Debug */ = {
			isa = XCBuildConfiguration;
			buildSettings = {
				BUNDLE_LOADER = "$(TEST_HOST)";
				INFOPLIST_FILE = "MRS-iOSTests/Info.plist";
				LD_RUNPATH_SEARCH_PATHS = "$(inherited) @executable_path/Frameworks @loader_path/Frameworks";
				PRODUCT_BUNDLE_IDENTIFIER = "au.gov.finance.MRS-iOSTests";
				PRODUCT_NAME = "$(TARGET_NAME)";
				TEST_HOST = "$(BUILT_PRODUCTS_DIR)/MRS-iOS.app/MRS-iOS";
			};
			name = Debug;
		};
		052B7F251BB0D42F0000E0E3 /* Release */ = {
			isa = XCBuildConfiguration;
			buildSettings = {
				BUNDLE_LOADER = "$(TEST_HOST)";
				INFOPLIST_FILE = "MRS-iOSTests/Info.plist";
				LD_RUNPATH_SEARCH_PATHS = "$(inherited) @executable_path/Frameworks @loader_path/Frameworks";
				PRODUCT_BUNDLE_IDENTIFIER = "au.gov.finance.MRS-iOSTests";
				PRODUCT_NAME = "$(TARGET_NAME)";
				TEST_HOST = "$(BUILT_PRODUCTS_DIR)/MRS-iOS.app/MRS-iOS";
			};
			name = Release;
		};
		052B7F271BB0D42F0000E0E3 /* Debug */ = {
			isa = XCBuildConfiguration;
			buildSettings = {
				INFOPLIST_FILE = "MRS-iOSUITests/Info.plist";
				LD_RUNPATH_SEARCH_PATHS = "$(inherited) @executable_path/Frameworks @loader_path/Frameworks";
				PRODUCT_BUNDLE_IDENTIFIER = "au.gov.finance.MRS-iOSUITests";
				PRODUCT_NAME = "$(TARGET_NAME)";
				TEST_TARGET_NAME = "MRS-iOS";
				USES_XCTRUNNER = YES;
			};
			name = Debug;
		};
		052B7F281BB0D42F0000E0E3 /* Release */ = {
			isa = XCBuildConfiguration;
			buildSettings = {
				INFOPLIST_FILE = "MRS-iOSUITests/Info.plist";
				LD_RUNPATH_SEARCH_PATHS = "$(inherited) @executable_path/Frameworks @loader_path/Frameworks";
				PRODUCT_BUNDLE_IDENTIFIER = "au.gov.finance.MRS-iOSUITests";
				PRODUCT_NAME = "$(TARGET_NAME)";
				TEST_TARGET_NAME = "MRS-iOS";
				USES_XCTRUNNER = YES;
			};
			name = Release;
		};
/* End XCBuildConfiguration section */

/* Begin XCConfigurationList section */
		052B7EF31BB0D42E0000E0E3 /* Build configuration list for PBXProject "MRS-iOS" */ = {
			isa = XCConfigurationList;
			buildConfigurations = (
				052B7F1E1BB0D42F0000E0E3 /* Debug */,
				052B7F1F1BB0D42F0000E0E3 /* Release */,
			);
			defaultConfigurationIsVisible = 0;
			defaultConfigurationName = Release;
		};
		052B7F201BB0D42F0000E0E3 /* Build configuration list for PBXNativeTarget "MRS-iOS" */ = {
			isa = XCConfigurationList;
			buildConfigurations = (
				052B7F211BB0D42F0000E0E3 /* Debug */,
				052B7F221BB0D42F0000E0E3 /* Release */,
			);
			defaultConfigurationIsVisible = 0;
			defaultConfigurationName = Release;
		};
		052B7F231BB0D42F0000E0E3 /* Build configuration list for PBXNativeTarget "MRS-iOSTests" */ = {
			isa = XCConfigurationList;
			buildConfigurations = (
				052B7F241BB0D42F0000E0E3 /* Debug */,
				052B7F251BB0D42F0000E0E3 /* Release */,
			);
			defaultConfigurationIsVisible = 0;
			defaultConfigurationName = Release;
		};
		052B7F261BB0D42F0000E0E3 /* Build configuration list for PBXNativeTarget "MRS-iOSUITests" */ = {
			isa = XCConfigurationList;
			buildConfigurations = (
				052B7F271BB0D42F0000E0E3 /* Debug */,
				052B7F281BB0D42F0000E0E3 /* Release */,
			);
			defaultConfigurationIsVisible = 0;
			defaultConfigurationName = Release;
		};
/* End XCConfigurationList section */
	};
	rootObject = 052B7EF01BB0D42E0000E0E3 /* Project object */;
}
